
Microsoft Visual Studio Solution File, Format Version 12.00
# Visual Studio Version 17
VisualStudioVersion = 17.4.33213.308
MinimumVisualStudioVersion = 10.0.40219.1
Project("{9A19103F-16F7-4668-BE54-9A1E7A4F7556}") = "DotNet-Assignment-RPG-Heroes", "DotNet-Assignment-RPG-Heroes\DotNet-Assignment-RPG-Heroes.csproj", "{2F2987B8-763A-4156-AAFF-F59067092132}"
EndProject
Project("{FAE04EC0-301F-11D3-BF4B-00C04F79EFBC}") = "DotNet-Assignment-RPG-Heroes-Test", "DotNet-Assignment-RPG-Heroes-Test\DotNet-Assignment-RPG-Heroes-Test.csproj", "{DAA39A68-6897-4FB3-BD80-8257A1F50603}"
EndProject
Global
	GlobalSection(SolutionConfigurationPlatforms) = preSolution
		Debug|Any CPU = Debug|Any CPU
		Release|Any CPU = Release|Any CPU
	EndGlobalSection
	GlobalSection(ProjectConfigurationPlatforms) = postSolution
		{2F2987B8-763A-4156-AAFF-F59067092132}.Debug|Any CPU.ActiveCfg = Debug|Any CPU
		{2F2987B8-763A-4156-AAFF-F59067092132}.Debug|Any CPU.Build.0 = Debug|Any CPU
		{2F2987B8-763A-4156-AAFF-F59067092132}.Release|Any CPU.ActiveCfg = Release|Any CPU
		{2F2987B8-763A-4156-AAFF-F59067092132}.Release|Any CPU.Build.0 = Release|Any CPU
		{DAA39A68-6897-4FB3-BD80-8257A1F50603}.Debug|Any CPU.ActiveCfg = Debug|Any CPU
		{DAA39A68-6897-4FB3-BD80-8257A1F50603}.Debug|Any CPU.Build.0 = Debug|Any CPU
		{DAA39A68-6897-4FB3-BD80-8257A1F50603}.Release|Any CPU.ActiveCfg = Release|Any CPU
		{DAA39A68-6897-4FB3-BD80-8257A1F50603}.Release|Any CPU.Build.0 = Release|Any CPU
	EndGlobalSection
	GlobalSection(SolutionProperties) = preSolution
		HideSolutionNode = FALSE
	EndGlobalSection
	GlobalSection(ExtensibilityGlobals) = postSolution
		SolutionGuid = {7E5F3289-13EB-4591-B807-DA488F31CAEB}
	EndGlobalSection
EndGlobal
